
Microsoft Visual Studio Solution File, Format Version 12.00
# Visual Studio Version 16
VisualStudioVersion = 16.0.29209.62
MinimumVisualStudioVersion = 10.0.40219.1
Project("{FAE04EC0-301F-11D3-BF4B-00C04F79EFBC}") = "DeskTopProj", "DeskTopProj\DeskTopProj.csproj", "{26ACAAB4-F9E1-4392-8A69-AAD7064711B7}"
EndProject
Global
	GlobalSection(SolutionConfigurationPlatforms) = preSolution
		Debug|Any CPU = Debug|Any CPU
		Release|Any CPU = Release|Any CPU
	EndGlobalSection
	GlobalSection(ProjectConfigurationPlatforms) = postSolution
		{26ACAAB4-F9E1-4392-8A69-AAD7064711B7}.Debug|Any CPU.ActiveCfg = Debug|Any CPU
		{26ACAAB4-F9E1-4392-8A69-AAD7064711B7}.Debug|Any CPU.Build.0 = Debug|Any CPU
		{26ACAAB4-F9E1-4392-8A69-AAD7064711B7}.Release|Any CPU.ActiveCfg = Release|Any CPU
		{26ACAAB4-F9E1-4392-8A69-AAD7064711B7}.Release|Any CPU.Build.0 = Release|Any CPU
	EndGlobalSection
	GlobalSection(SolutionProperties) = preSolution
		HideSolutionNode = FALSE
	EndGlobalSection
	GlobalSection(ExtensibilityGlobals) = postSolution
		SolutionGuid = {8F73E3AD-95D1-47CE-9055-F8B2769DD0C0}
	EndGlobalSection
EndGlobal
